
Microsoft Visual Studio Solution File, Format Version 12.00
# Visual Studio Version 17
VisualStudioVersion = 17.13.35828.75
MinimumVisualStudioVersion = 10.0.40219.1
Project("{8BC9CEB8-8B4A-11D0-8D11-00A0C91BC942}") = "tensor-rush", "tensor-rush\tensor-rush.vcxproj", "{4A790E57-0672-4BC5-BE4A-95A4796F0FB6}"
EndProject
Project("{8BC9CEB8-8B4A-11D0-8D11-00A0C91BC942}") = "test", "test\test.vcxproj", "{3EDF6AFC-6405-4B1E-8F50-A3296A6A26D8}"
EndProject
Global
	GlobalSection(SolutionConfigurationPlatforms) = preSolution
		Debug|x64 = Debug|x64
		Debug|x86 = Debug|x86
		Release|x64 = Release|x64
		Release|x86 = Release|x86
	EndGlobalSection
	GlobalSection(ProjectConfigurationPlatforms) = postSolution
		{4A790E57-0672-4BC5-BE4A-95A4796F0FB6}.Debug|x64.ActiveCfg = Debug|x64
		{4A790E57-0672-4BC5-BE4A-95A4796F0FB6}.Debug|x64.Build.0 = Debug|x64
		{4A790E57-0672-4BC5-BE4A-95A4796F0FB6}.Debug|x86.ActiveCfg = Debug|Win32
		{4A790E57-0672-4BC5-BE4A-95A4796F0FB6}.Debug|x86.Build.0 = Debug|Win32
		{4A790E57-0672-4BC5-BE4A-95A4796F0FB6}.Release|x64.ActiveCfg = Release|x64
		{4A790E57-0672-4BC5-BE4A-95A4796F0FB6}.Release|x64.Build.0 = Release|x64
		{4A790E57-0672-4BC5-BE4A-95A4796F0FB6}.Release|x86.ActiveCfg = Release|Win32
		{4A790E57-0672-4BC5-BE4A-95A4796F0FB6}.Release|x86.Build.0 = Release|Win32
		{3EDF6AFC-6405-4B1E-8F50-A3296A6A26D8}.Debug|x64.ActiveCfg = Debug|x64
		{3EDF6AFC-6405-4B1E-8F50-A3296A6A26D8}.Debug|x64.Build.0 = Debug|x64
		{3EDF6AFC-6405-4B1E-8F50-A3296A6A26D8}.Debug|x86.ActiveCfg = Debug|Win32
		{3EDF6AFC-6405-4B1E-8F50-A3296A6A26D8}.Debug|x86.Build.0 = Debug|Win32
		{3EDF6AFC-6405-4B1E-8F50-A3296A6A26D8}.Release|x64.ActiveCfg = Release|x64
		{3EDF6AFC-6405-4B1E-8F50-A3296A6A26D8}.Release|x64.Build.0 = Release|x64
		{3EDF6AFC-6405-4B1E-8F50-A3296A6A26D8}.Release|x86.ActiveCfg = Release|Win32
		{3EDF6AFC-6405-4B1E-8F50-A3296A6A26D8}.Release|x86.Build.0 = Release|Win32
	EndGlobalSection
	GlobalSection(SolutionProperties) = preSolution
		HideSolutionNode = FALSE
	EndGlobalSection
	GlobalSection(ExtensibilityGlobals) = postSolution
		SolutionGuid = {305161BA-7009-4B50-865A-D231296DA0F3}
	EndGlobalSection
EndGlobal
